
Microsoft Visual Studio Solution File, Format Version 12.00
# Visual Studio Version 17
VisualStudioVersion = 17.3.32922.545
MinimumVisualStudioVersion = 10.0.40219.1
Project("{8BC9CEB8-8B4A-11D0-8D11-00A0C91BC942}") = "474.", "Project1\Project1.vcxproj", "{4D01B76B-E220-426C-B0C2-C421225E7824}"
EndProject
Project("{8BC9CEB8-8B4A-11D0-8D11-00A0C91BC942}") = "491-1", "491-1\491-1.vcxproj", "{462E2BD1-BB19-46B1-93CC-96E0AAAA4D76}"
EndProject
Project("{8BC9CEB8-8B4A-11D0-8D11-00A0C91BC942}") = "491-2", "491-2\491-2.vcxproj", "{D8F1004A-8912-4331-B2C1-BCD84136F88B}"
EndProject
Project("{8BC9CEB8-8B4A-11D0-8D11-00A0C91BC942}") = "509-1", "509-1\509-1.vcxproj", "{77FC723F-C70E-4696-80B4-B78B644B059D}"
EndProject
Project("{8BC9CEB8-8B4A-11D0-8D11-00A0C91BC942}") = "510-2", "509-2\509-2.vcxproj", "{6F8BDAB6-7B34-405E-925A-661FD5DB54C3}"
EndProject
Project("{8BC9CEB8-8B4A-11D0-8D11-00A0C91BC942}") = "511-3", "511-3\511-3.vcxproj", "{8D0483EC-4E6E-4000-98B6-F6C0A208E6AD}"
EndProject
Project("{8BC9CEB8-8B4A-11D0-8D11-00A0C91BC942}") = "512", "512\512.vcxproj", "{2B2BEA0B-7E2B-48F0-9A6D-DD125854A1F9}"
EndProject
Project("{8BC9CEB8-8B4A-11D0-8D11-00A0C91BC942}") = "file open", "file_open\file_open.vcxproj", "{654C8ED5-E2CA-4F93-89B3-070C6CB583B9}"
EndProject
Project("{8BC9CEB8-8B4A-11D0-8D11-00A0C91BC942}") = "upload file", "upload file\upload file.vcxproj", "{2D39787A-15B8-4DD4-92BA-B8D1FEA8B51A}"
EndProject
Global
	GlobalSection(SolutionConfigurationPlatforms) = preSolution
		Debug|x64 = Debug|x64
		Debug|x86 = Debug|x86
		Release|x64 = Release|x64
		Release|x86 = Release|x86
	EndGlobalSection
	GlobalSection(ProjectConfigurationPlatforms) = postSolution
		{4D01B76B-E220-426C-B0C2-C421225E7824}.Debug|x64.ActiveCfg = Debug|x64
		{4D01B76B-E220-426C-B0C2-C421225E7824}.Debug|x64.Build.0 = Debug|x64
		{4D01B76B-E220-426C-B0C2-C421225E7824}.Debug|x86.ActiveCfg = Debug|Win32
		{4D01B76B-E220-426C-B0C2-C421225E7824}.Debug|x86.Build.0 = Debug|Win32
		{4D01B76B-E220-426C-B0C2-C421225E7824}.Release|x64.ActiveCfg = Release|x64
		{4D01B76B-E220-426C-B0C2-C421225E7824}.Release|x64.Build.0 = Release|x64
		{4D01B76B-E220-426C-B0C2-C421225E7824}.Release|x86.ActiveCfg = Release|Win32
		{4D01B76B-E220-426C-B0C2-C421225E7824}.Release|x86.Build.0 = Release|Win32
		{462E2BD1-BB19-46B1-93CC-96E0AAAA4D76}.Debug|x64.ActiveCfg = Debug|x64
		{462E2BD1-BB19-46B1-93CC-96E0AAAA4D76}.Debug|x64.Build.0 = Debug|x64
		{462E2BD1-BB19-46B1-93CC-96E0AAAA4D76}.Debug|x86.ActiveCfg = Debug|Win32
		{462E2BD1-BB19-46B1-93CC-96E0AAAA4D76}.Debug|x86.Build.0 = Debug|Win32
		{462E2BD1-BB19-46B1-93CC-96E0AAAA4D76}.Release|x64.ActiveCfg = Release|x64
		{462E2BD1-BB19-46B1-93CC-96E0AAAA4D76}.Release|x64.Build.0 = Release|x64
		{462E2BD1-BB19-46B1-93CC-96E0AAAA4D76}.Release|x86.ActiveCfg = Release|Win32
		{462E2BD1-BB19-46B1-93CC-96E0AAAA4D76}.Release|x86.Build.0 = Release|Win32
		{D8F1004A-8912-4331-B2C1-BCD84136F88B}.Debug|x64.ActiveCfg = Debug|x64
		{D8F1004A-8912-4331-B2C1-BCD84136F88B}.Debug|x64.Build.0 = Debug|x64
		{D8F1004A-8912-4331-B2C1-BCD84136F88B}.Debug|x86.ActiveCfg = Debug|Win32
		{D8F1004A-8912-4331-B2C1-BCD84136F88B}.Debug|x86.Build.0 = Debug|Win32
		{D8F1004A-8912-4331-B2C1-BCD84136F88B}.Release|x64.ActiveCfg = Release|x64
		{D8F1004A-8912-4331-B2C1-BCD84136F88B}.Release|x64.Build.0 = Release|x64
		{D8F1004A-8912-4331-B2C1-BCD84136F88B}.Release|x86.ActiveCfg = Release|Win32
		{D8F1004A-8912-4331-B2C1-BCD84136F88B}.Release|x86.Build.0 = Release|Win32
		{77FC723F-C70E-4696-80B4-B78B644B059D}.Debug|x64.ActiveCfg = Debug|x64
		{77FC723F-C70E-4696-80B4-B78B644B059D}.Debug|x64.Build.0 = Debug|x64
		{77FC723F-C70E-4696-80B4-B78B644B059D}.Debug|x86.ActiveCfg = Debug|Win32
		{77FC723F-C70E-4696-80B4-B78B644B059D}.Debug|x86.Build.0 = Debug|Win32
		{77FC723F-C70E-4696-80B4-B78B644B059D}.Release|x64.ActiveCfg = Release|x64
		{77FC723F-C70E-4696-80B4-B78B644B059D}.Release|x64.Build.0 = Release|x64
		{77FC723F-C70E-4696-80B4-B78B644B059D}.Release|x86.ActiveCfg = Release|Win32
		{77FC723F-C70E-4696-80B4-B78B644B059D}.Release|x86.Build.0 = Release|Win32
		{6F8BDAB6-7B34-405E-925A-661FD5DB54C3}.Debug|x64.ActiveCfg = Debug|x64
		{6F8BDAB6-7B34-405E-925A-661FD5DB54C3}.Debug|x64.Build.0 = Debug|x64
		{6F8BDAB6-7B34-405E-925A-661FD5DB54C3}.Debug|x86.ActiveCfg = Debug|Win32
		{6F8BDAB6-7B34-405E-925A-661FD5DB54C3}.Debug|x86.Build.0 = Debug|Win32
		{6F8BDAB6-7B34-405E-925A-661FD5DB54C3}.Release|x64.ActiveCfg = Release|x64
		{6F8BDAB6-7B34-405E-925A-661FD5DB54C3}.Release|x64.Build.0 = Release|x64
		{6F8BDAB6-7B34-405E-925A-661FD5DB54C3}.Release|x86.ActiveCfg = Release|Win32
		{6F8BDAB6-7B34-405E-925A-661FD5DB54C3}.Release|x86.Build.0 = Release|Win32
		{8D0483EC-4E6E-4000-98B6-F6C0A208E6AD}.Debug|x64.ActiveCfg = Debug|x64
		{8D0483EC-4E6E-4000-98B6-F6C0A208E6AD}.Debug|x64.Build.0 = Debug|x64
		{8D0483EC-4E6E-4000-98B6-F6C0A208E6AD}.Debug|x86.ActiveCfg = Debug|Win32
		{8D0483EC-4E6E-4000-98B6-F6C0A208E6AD}.Debug|x86.Build.0 = Debug|Win32
		{8D0483EC-4E6E-4000-98B6-F6C0A208E6AD}.Release|x64.ActiveCfg = Release|x64
		{8D0483EC-4E6E-4000-98B6-F6C0A208E6AD}.Release|x64.Build.0 = Release|x64
		{8D0483EC-4E6E-4000-98B6-F6C0A208E6AD}.Release|x86.ActiveCfg = Release|Win32
		{8D0483EC-4E6E-4000-98B6-F6C0A208E6AD}.Release|x86.Build.0 = Release|Win32
		{2B2BEA0B-7E2B-48F0-9A6D-DD125854A1F9}.Debug|x64.ActiveCfg = Debug|x64
		{2B2BEA0B-7E2B-48F0-9A6D-DD125854A1F9}.Debug|x64.Build.0 = Debug|x64
		{2B2BEA0B-7E2B-48F0-9A6D-DD125854A1F9}.Debug|x86.ActiveCfg = Debug|Win32
		{2B2BEA0B-7E2B-48F0-9A6D-DD125854A1F9}.Debug|x86.Build.0 = Debug|Win32
		{2B2BEA0B-7E2B-48F0-9A6D-DD125854A1F9}.Release|x64.ActiveCfg = Release|x64
		{2B2BEA0B-7E2B-48F0-9A6D-DD125854A1F9}.Release|x64.Build.0 = Release|x64
		{2B2BEA0B-7E2B-48F0-9A6D-DD125854A1F9}.Release|x86.ActiveCfg = Release|Win32
		{2B2BEA0B-7E2B-48F0-9A6D-DD125854A1F9}.Release|x86.Build.0 = Release|Win32
		{654C8ED5-E2CA-4F93-89B3-070C6CB583B9}.Debug|x64.ActiveCfg = Debug|x64
		{654C8ED5-E2CA-4F93-89B3-070C6CB583B9}.Debug|x64.Build.0 = Debug|x64
		{654C8ED5-E2CA-4F93-89B3-070C6CB583B9}.Debug|x86.ActiveCfg = Debug|Win32
		{654C8ED5-E2CA-4F93-89B3-070C6CB583B9}.Debug|x86.Build.0 = Debug|Win32
		{654C8ED5-E2CA-4F93-89B3-070C6CB583B9}.Release|x64.ActiveCfg = Release|x64
		{654C8ED5-E2CA-4F93-89B3-070C6CB583B9}.Release|x64.Build.0 = Release|x64
		{654C8ED5-E2CA-4F93-89B3-070C6CB583B9}.Release|x86.ActiveCfg = Release|Win32
		{654C8ED5-E2CA-4F93-89B3-070C6CB583B9}.Release|x86.Build.0 = Release|Win32
		{2D39787A-15B8-4DD4-92BA-B8D1FEA8B51A}.Debug|x64.ActiveCfg = Debug|x64
		{2D39787A-15B8-4DD4-92BA-B8D1FEA8B51A}.Debug|x64.Build.0 = Debug|x64
		{2D39787A-15B8-4DD4-92BA-B8D1FEA8B51A}.Debug|x86.ActiveCfg = Debug|Win32
		{2D39787A-15B8-4DD4-92BA-B8D1FEA8B51A}.Debug|x86.Build.0 = Debug|Win32
		{2D39787A-15B8-4DD4-92BA-B8D1FEA8B51A}.Release|x64.ActiveCfg = Release|x64
		{2D39787A-15B8-4DD4-92BA-B8D1FEA8B51A}.Release|x64.Build.0 = Release|x64
		{2D39787A-15B8-4DD4-92BA-B8D1FEA8B51A}.Release|x86.ActiveCfg = Release|Win32
		{2D39787A-15B8-4DD4-92BA-B8D1FEA8B51A}.Release|x86.Build.0 = Release|Win32
	EndGlobalSection
	GlobalSection(SolutionProperties) = preSolution
		HideSolutionNode = FALSE
	EndGlobalSection
	GlobalSection(ExtensibilityGlobals) = postSolution
		SolutionGuid = {2E976980-90C6-42D9-B051-4C7EC41CEB78}
	EndGlobalSection
EndGlobal
