
Microsoft Visual Studio Solution File, Format Version 12.00
# Visual Studio Version 17
VisualStudioVersion = 17.3.32811.315
MinimumVisualStudioVersion = 10.0.40219.1
Project("{8BC9CEB8-8B4A-11D0-8D11-00A0C91BC942}") = "prob1", "prob1.vcxproj", "{D41A72E2-276B-46BB-A201-4D24723DA5AD}"
EndProject
Global
	GlobalSection(SolutionConfigurationPlatforms) = preSolution
		Debug|x64 = Debug|x64
		Debug|x86 = Debug|x86
		Release|x64 = Release|x64
		Release|x86 = Release|x86
	EndGlobalSection
	GlobalSection(ProjectConfigurationPlatforms) = postSolution
		{D41A72E2-276B-46BB-A201-4D24723DA5AD}.Debug|x64.ActiveCfg = Debug|x64
		{D41A72E2-276B-46BB-A201-4D24723DA5AD}.Debug|x64.Build.0 = Debug|x64
		{D41A72E2-276B-46BB-A201-4D24723DA5AD}.Debug|x86.ActiveCfg = Debug|Win32
		{D41A72E2-276B-46BB-A201-4D24723DA5AD}.Debug|x86.Build.0 = Debug|Win32
		{D41A72E2-276B-46BB-A201-4D24723DA5AD}.Release|x64.ActiveCfg = Release|x64
		{D41A72E2-276B-46BB-A201-4D24723DA5AD}.Release|x64.Build.0 = Release|x64
		{D41A72E2-276B-46BB-A201-4D24723DA5AD}.Release|x86.ActiveCfg = Release|Win32
		{D41A72E2-276B-46BB-A201-4D24723DA5AD}.Release|x86.Build.0 = Release|Win32
	EndGlobalSection
	GlobalSection(SolutionProperties) = preSolution
		HideSolutionNode = FALSE
	EndGlobalSection
	GlobalSection(ExtensibilityGlobals) = postSolution
		SolutionGuid = {0ECCBBD3-41A4-4422-865F-D3A5A26763E1}
	EndGlobalSection
EndGlobal
